
Microsoft Visual Studio Solution File, Format Version 12.00
# Visual Studio Version 17
VisualStudioVersion = 17.8.34330.188
MinimumVisualStudioVersion = 10.0.40219.1
Project("{9A19103F-16F7-4668-BE54-9A1E7A4F7556}") = "YeSql.Net", "..\src\YeSql.Net.csproj", "{6BC0D80C-3A4D-4146-BC50-B7BCC25F56C2}"
EndProject
Project("{9A19103F-16F7-4668-BE54-9A1E7A4F7556}") = "Example.ConsoleApp", "Example.ConsoleApp\Example.ConsoleApp.csproj", "{A1E46E21-86C3-4EED-80EE-8ECC1D5C44F4}"
EndProject
Project("{9A19103F-16F7-4668-BE54-9A1E7A4F7556}") = "Example.Parsing", "Example.Parsing\Example.Parsing.csproj", "{88E35AC6-B163-4512-BCC4-7A43F63DC4F1}"
EndProject
Project("{9A19103F-16F7-4668-BE54-9A1E7A4F7556}") = "Example.Reports", "Example.Reports\Example.Reports.csproj", "{17C13E48-008D-4992-94D2-D137FAB869C8}"
EndProject
Project("{9A19103F-16F7-4668-BE54-9A1E7A4F7556}") = "Example.SqlFiles", "Example.SqlFiles\Example.SqlFiles.csproj", "{CE2252EE-6758-4BA2-8969-9252D8D60BC4}"
EndProject
Project("{9A19103F-16F7-4668-BE54-9A1E7A4F7556}") = "Example.AspNetCore", "Example.AspNetCore\Example.AspNetCore.csproj", "{F1416B1C-826F-46D1-AC23-991B31C20085}"
EndProject
Project("{9A19103F-16F7-4668-BE54-9A1E7A4F7556}") = "Example.AspNetCore.Tests", "Example.AspNetCore.Tests\Example.AspNetCore.Tests.csproj", "{9508895F-9326-424C-A9A3-F04AA05ED143}"
EndProject
Project("{FAE04EC0-301F-11D3-BF4B-00C04F79EFBC}") = "Example.NetFramework", "Example.NetFramework\Example.NetFramework.csproj", "{1A171DEE-BD4A-40AC-B926-9C2C50CA82D6}"
EndProject
Project("{FAE04EC0-301F-11D3-BF4B-00C04F79EFBC}") = "Example.AspNetFramework", "Example.AspNetFramework\Example.AspNetFramework.csproj", "{968FCF41-955C-48F4-AB63-D39BAE47930F}"
EndProject
Project("{9A19103F-16F7-4668-BE54-9A1E7A4F7556}") = "PluginApp.Contracts", "Example.PluginApp\Contracts\PluginApp.Contracts.csproj", "{711AEA1E-2C14-4E26-90F4-9CC21FC436E8}"
EndProject
Project("{9A19103F-16F7-4668-BE54-9A1E7A4F7556}") = "PluginApp.Host", "Example.PluginApp\Host\PluginApp.Host.csproj", "{C4833FCA-491A-46E1-A9E5-EF34ABC469DF}"
EndProject
Project("{FAE04EC0-301F-11D3-BF4B-00C04F79EFBC}") = "PluginApp.Host.Tests", "Example.PluginApp\Test\PluginApp.Host.Tests.csproj", "{BBD2189A-46B1-4CD6-BACA-904BCBA036BE}"
EndProject
Project("{9A19103F-16F7-4668-BE54-9A1E7A4F7556}") = "PluginApp.UserPlugin", "Example.PluginApp\Plugins\UserPlugin\PluginApp.UserPlugin.csproj", "{42398B01-238E-442E-B677-8563EF7957E2}"
EndProject
Project("{9A19103F-16F7-4668-BE54-9A1E7A4F7556}") = "PluginApp.EmployeePlugin", "Example.PluginApp\Plugins\EmployeePlugin\PluginApp.EmployeePlugin.csproj", "{EDCC4759-3DBE-42C1-B520-68DC1C18DDCB}"
EndProject
Project("{9A19103F-16F7-4668-BE54-9A1E7A4F7556}") = "PluginApp.HelloPlugin", "Example.PluginApp\Plugins\HelloPlugin\PluginApp.HelloPlugin.csproj", "{8A3E96F3-B6FE-4F0B-9421-49328822E36B}"
EndProject
Project("{2150E333-8FDC-42A3-9474-1A3956D46DE8}") = "Solution Items", "Solution Items", "{91D295C8-520D-46AF-95BC-D1E6C1E60534}"
	ProjectSection(SolutionItems) = preProject
		..\props\build\CopySqlFilesToOutputDirectory.props = ..\props\build\CopySqlFilesToOutputDirectory.props
		..\targets\build\CopySqlFilesToPublishDirectory.targets = ..\targets\build\CopySqlFilesToPublishDirectory.targets
		..\Directory.Build.props = ..\Directory.Build.props
		Example.PluginApp\Plugins\Directory.Build.props = Example.PluginApp\Plugins\Directory.Build.props
		..\Directory.Packages.props = ..\Directory.Packages.props
	EndProjectSection
EndProject
Global
	GlobalSection(SolutionConfigurationPlatforms) = preSolution
		Debug|Any CPU = Debug|Any CPU
		Release|Any CPU = Release|Any CPU
	EndGlobalSection
	GlobalSection(ProjectConfigurationPlatforms) = postSolution
		{6BC0D80C-3A4D-4146-BC50-B7BCC25F56C2}.Debug|Any CPU.ActiveCfg = Debug|Any CPU
		{6BC0D80C-3A4D-4146-BC50-B7BCC25F56C2}.Debug|Any CPU.Build.0 = Debug|Any CPU
		{6BC0D80C-3A4D-4146-BC50-B7BCC25F56C2}.Release|Any CPU.ActiveCfg = Release|Any CPU
		{6BC0D80C-3A4D-4146-BC50-B7BCC25F56C2}.Release|Any CPU.Build.0 = Release|Any CPU
		{A1E46E21-86C3-4EED-80EE-8ECC1D5C44F4}.Debug|Any CPU.ActiveCfg = Debug|Any CPU
		{A1E46E21-86C3-4EED-80EE-8ECC1D5C44F4}.Debug|Any CPU.Build.0 = Debug|Any CPU
		{A1E46E21-86C3-4EED-80EE-8ECC1D5C44F4}.Release|Any CPU.ActiveCfg = Release|Any CPU
		{A1E46E21-86C3-4EED-80EE-8ECC1D5C44F4}.Release|Any CPU.Build.0 = Release|Any CPU
		{88E35AC6-B163-4512-BCC4-7A43F63DC4F1}.Debug|Any CPU.ActiveCfg = Debug|Any CPU
		{88E35AC6-B163-4512-BCC4-7A43F63DC4F1}.Debug|Any CPU.Build.0 = Debug|Any CPU
		{88E35AC6-B163-4512-BCC4-7A43F63DC4F1}.Release|Any CPU.ActiveCfg = Release|Any CPU
		{88E35AC6-B163-4512-BCC4-7A43F63DC4F1}.Release|Any CPU.Build.0 = Release|Any CPU
		{17C13E48-008D-4992-94D2-D137FAB869C8}.Debug|Any CPU.ActiveCfg = Debug|Any CPU
		{17C13E48-008D-4992-94D2-D137FAB869C8}.Debug|Any CPU.Build.0 = Debug|Any CPU
		{17C13E48-008D-4992-94D2-D137FAB869C8}.Release|Any CPU.ActiveCfg = Release|Any CPU
		{17C13E48-008D-4992-94D2-D137FAB869C8}.Release|Any CPU.Build.0 = Release|Any CPU
		{CE2252EE-6758-4BA2-8969-9252D8D60BC4}.Debug|Any CPU.ActiveCfg = Debug|Any CPU
		{CE2252EE-6758-4BA2-8969-9252D8D60BC4}.Debug|Any CPU.Build.0 = Debug|Any CPU
		{CE2252EE-6758-4BA2-8969-9252D8D60BC4}.Release|Any CPU.ActiveCfg = Release|Any CPU
		{CE2252EE-6758-4BA2-8969-9252D8D60BC4}.Release|Any CPU.Build.0 = Release|Any CPU
		{F1416B1C-826F-46D1-AC23-991B31C20085}.Debug|Any CPU.ActiveCfg = Debug|Any CPU
		{F1416B1C-826F-46D1-AC23-991B31C20085}.Debug|Any CPU.Build.0 = Debug|Any CPU
		{F1416B1C-826F-46D1-AC23-991B31C20085}.Release|Any CPU.ActiveCfg = Release|Any CPU
		{F1416B1C-826F-46D1-AC23-991B31C20085}.Release|Any CPU.Build.0 = Release|Any CPU
		{9508895F-9326-424C-A9A3-F04AA05ED143}.Debug|Any CPU.ActiveCfg = Debug|Any CPU
		{9508895F-9326-424C-A9A3-F04AA05ED143}.Debug|Any CPU.Build.0 = Debug|Any CPU
		{9508895F-9326-424C-A9A3-F04AA05ED143}.Release|Any CPU.ActiveCfg = Release|Any CPU
		{9508895F-9326-424C-A9A3-F04AA05ED143}.Release|Any CPU.Build.0 = Release|Any CPU
		{1A171DEE-BD4A-40AC-B926-9C2C50CA82D6}.Debug|Any CPU.ActiveCfg = Debug|Any CPU
		{1A171DEE-BD4A-40AC-B926-9C2C50CA82D6}.Debug|Any CPU.Build.0 = Debug|Any CPU
		{1A171DEE-BD4A-40AC-B926-9C2C50CA82D6}.Release|Any CPU.ActiveCfg = Release|Any CPU
		{1A171DEE-BD4A-40AC-B926-9C2C50CA82D6}.Release|Any CPU.Build.0 = Release|Any CPU
		{968FCF41-955C-48F4-AB63-D39BAE47930F}.Debug|Any CPU.ActiveCfg = Debug|Any CPU
		{968FCF41-955C-48F4-AB63-D39BAE47930F}.Debug|Any CPU.Build.0 = Debug|Any CPU
		{968FCF41-955C-48F4-AB63-D39BAE47930F}.Release|Any CPU.ActiveCfg = Release|Any CPU
		{968FCF41-955C-48F4-AB63-D39BAE47930F}.Release|Any CPU.Build.0 = Release|Any CPU
		{711AEA1E-2C14-4E26-90F4-9CC21FC436E8}.Debug|Any CPU.ActiveCfg = Debug|Any CPU
		{711AEA1E-2C14-4E26-90F4-9CC21FC436E8}.Debug|Any CPU.Build.0 = Debug|Any CPU
		{711AEA1E-2C14-4E26-90F4-9CC21FC436E8}.Release|Any CPU.ActiveCfg = Release|Any CPU
		{711AEA1E-2C14-4E26-90F4-9CC21FC436E8}.Release|Any CPU.Build.0 = Release|Any CPU
		{C4833FCA-491A-46E1-A9E5-EF34ABC469DF}.Debug|Any CPU.ActiveCfg = Debug|Any CPU
		{C4833FCA-491A-46E1-A9E5-EF34ABC469DF}.Debug|Any CPU.Build.0 = Debug|Any CPU
		{C4833FCA-491A-46E1-A9E5-EF34ABC469DF}.Release|Any CPU.ActiveCfg = Release|Any CPU
		{C4833FCA-491A-46E1-A9E5-EF34ABC469DF}.Release|Any CPU.Build.0 = Release|Any CPU
		{42398B01-238E-442E-B677-8563EF7957E2}.Debug|Any CPU.ActiveCfg = Debug|Any CPU
		{42398B01-238E-442E-B677-8563EF7957E2}.Debug|Any CPU.Build.0 = Debug|Any CPU
		{42398B01-238E-442E-B677-8563EF7957E2}.Release|Any CPU.ActiveCfg = Release|Any CPU
		{42398B01-238E-442E-B677-8563EF7957E2}.Release|Any CPU.Build.0 = Release|Any CPU
		{EDCC4759-3DBE-42C1-B520-68DC1C18DDCB}.Debug|Any CPU.ActiveCfg = Debug|Any CPU
		{EDCC4759-3DBE-42C1-B520-68DC1C18DDCB}.Debug|Any CPU.Build.0 = Debug|Any CPU
		{EDCC4759-3DBE-42C1-B520-68DC1C18DDCB}.Release|Any CPU.ActiveCfg = Release|Any CPU
		{EDCC4759-3DBE-42C1-B520-68DC1C18DDCB}.Release|Any CPU.Build.0 = Release|Any CPU
		{8A3E96F3-B6FE-4F0B-9421-49328822E36B}.Debug|Any CPU.ActiveCfg = Debug|Any CPU
		{8A3E96F3-B6FE-4F0B-9421-49328822E36B}.Debug|Any CPU.Build.0 = Debug|Any CPU
		{8A3E96F3-B6FE-4F0B-9421-49328822E36B}.Release|Any CPU.ActiveCfg = Release|Any CPU
		{8A3E96F3-B6FE-4F0B-9421-49328822E36B}.Release|Any CPU.Build.0 = Release|Any CPU
		{BBD2189A-46B1-4CD6-BACA-904BCBA036BE}.Debug|Any CPU.ActiveCfg = Debug|Any CPU
		{BBD2189A-46B1-4CD6-BACA-904BCBA036BE}.Debug|Any CPU.Build.0 = Debug|Any CPU
		{BBD2189A-46B1-4CD6-BACA-904BCBA036BE}.Release|Any CPU.ActiveCfg = Release|Any CPU
		{BBD2189A-46B1-4CD6-BACA-904BCBA036BE}.Release|Any CPU.Build.0 = Release|Any CPU
	EndGlobalSection
	GlobalSection(SolutionProperties) = preSolution
		HideSolutionNode = FALSE
	EndGlobalSection
	GlobalSection(ExtensibilityGlobals) = postSolution
		SolutionGuid = {E9693C2C-C952-43B4-A692-F054737767CB}
	EndGlobalSection
EndGlobal
